
Microsoft Visual Studio Solution File, Format Version 12.00
# Visual Studio Version 17
VisualStudioVersion = 17.2.32616.157
MinimumVisualStudioVersion = 10.0.40219.1
Project("{FAE04EC0-301F-11D3-BF4B-00C04F79EFBC}") = "Library.Core", "Library.Core\Library.Core.csproj", "{E52062A5-12BC-4544-92AA-D9A02F3CA610}"
EndProject
Project("{FAE04EC0-301F-11D3-BF4B-00C04F79EFBC}") = "Library.Repository", "Library.Repository\Library.Repository.csproj", "{54EB673A-F02B-4F8C-A55F-39E7749F6E19}"
EndProject
Project("{FAE04EC0-301F-11D3-BF4B-00C04F79EFBC}") = "Library.Service", "Library.Service\Library.Service.csproj", "{03F8B517-FF21-4895-80C0-011ED77E0941}"
EndProject
Project("{FAE04EC0-301F-11D3-BF4B-00C04F79EFBC}") = "Library.API", "Library.API\Library.API.csproj", "{7E327E79-520C-4692-9260-CE229EC6A3EE}"
EndProject
Project("{FAE04EC0-301F-11D3-BF4B-00C04F79EFBC}") = "Library.Caching", "Library.Caching\Library.Caching.csproj", "{DFAC3BB9-98AD-4DA8-B8ED-71855A50927D}"
EndProject
Global
	GlobalSection(SolutionConfigurationPlatforms) = preSolution
		Debug|Any CPU = Debug|Any CPU
		Release|Any CPU = Release|Any CPU
	EndGlobalSection
	GlobalSection(ProjectConfigurationPlatforms) = postSolution
		{E52062A5-12BC-4544-92AA-D9A02F3CA610}.Debug|Any CPU.ActiveCfg = Debug|Any CPU
		{E52062A5-12BC-4544-92AA-D9A02F3CA610}.Debug|Any CPU.Build.0 = Debug|Any CPU
		{E52062A5-12BC-4544-92AA-D9A02F3CA610}.Release|Any CPU.ActiveCfg = Release|Any CPU
		{E52062A5-12BC-4544-92AA-D9A02F3CA610}.Release|Any CPU.Build.0 = Release|Any CPU
		{54EB673A-F02B-4F8C-A55F-39E7749F6E19}.Debug|Any CPU.ActiveCfg = Debug|Any CPU
		{54EB673A-F02B-4F8C-A55F-39E7749F6E19}.Debug|Any CPU.Build.0 = Debug|Any CPU
		{54EB673A-F02B-4F8C-A55F-39E7749F6E19}.Release|Any CPU.ActiveCfg = Release|Any CPU
		{54EB673A-F02B-4F8C-A55F-39E7749F6E19}.Release|Any CPU.Build.0 = Release|Any CPU
		{03F8B517-FF21-4895-80C0-011ED77E0941}.Debug|Any CPU.ActiveCfg = Debug|Any CPU
		{03F8B517-FF21-4895-80C0-011ED77E0941}.Debug|Any CPU.Build.0 = Debug|Any CPU
		{03F8B517-FF21-4895-80C0-011ED77E0941}.Release|Any CPU.ActiveCfg = Release|Any CPU
		{03F8B517-FF21-4895-80C0-011ED77E0941}.Release|Any CPU.Build.0 = Release|Any CPU
		{7E327E79-520C-4692-9260-CE229EC6A3EE}.Debug|Any CPU.ActiveCfg = Debug|Any CPU
		{7E327E79-520C-4692-9260-CE229EC6A3EE}.Debug|Any CPU.Build.0 = Debug|Any CPU
		{7E327E79-520C-4692-9260-CE229EC6A3EE}.Release|Any CPU.ActiveCfg = Release|Any CPU
		{7E327E79-520C-4692-9260-CE229EC6A3EE}.Release|Any CPU.Build.0 = Release|Any CPU
		{DFAC3BB9-98AD-4DA8-B8ED-71855A50927D}.Debug|Any CPU.ActiveCfg = Debug|Any CPU
		{DFAC3BB9-98AD-4DA8-B8ED-71855A50927D}.Debug|Any CPU.Build.0 = Debug|Any CPU
		{DFAC3BB9-98AD-4DA8-B8ED-71855A50927D}.Release|Any CPU.ActiveCfg = Release|Any CPU
		{DFAC3BB9-98AD-4DA8-B8ED-71855A50927D}.Release|Any CPU.Build.0 = Release|Any CPU
	EndGlobalSection
	GlobalSection(SolutionProperties) = preSolution
		HideSolutionNode = FALSE
	EndGlobalSection
	GlobalSection(ExtensibilityGlobals) = postSolution
		SolutionGuid = {18E7149A-D53D-4B98-BB11-8C2F00CBE3B5}
	EndGlobalSection
EndGlobal
